
Microsoft Visual Studio Solution File, Format Version 12.00
# Visual Studio Version 17
VisualStudioVersion = 17.2.32616.157
MinimumVisualStudioVersion = 10.0.40219.1
Project("{FAE04EC0-301F-11D3-BF4B-00C04F79EFBC}") = "maps_IA", "maps_IA\maps_IA.csproj", "{E15F793F-41BB-44BA-B571-52484020478D}"
EndProject
Global
	GlobalSection(SolutionConfigurationPlatforms) = preSolution
		Debug|Any CPU = Debug|Any CPU
		Release|Any CPU = Release|Any CPU
	EndGlobalSection
	GlobalSection(ProjectConfigurationPlatforms) = postSolution
		{E15F793F-41BB-44BA-B571-52484020478D}.Debug|Any CPU.ActiveCfg = Debug|Any CPU
		{E15F793F-41BB-44BA-B571-52484020478D}.Debug|Any CPU.Build.0 = Debug|Any CPU
		{E15F793F-41BB-44BA-B571-52484020478D}.Release|Any CPU.ActiveCfg = Release|Any CPU
		{E15F793F-41BB-44BA-B571-52484020478D}.Release|Any CPU.Build.0 = Release|Any CPU
	EndGlobalSection
	GlobalSection(SolutionProperties) = preSolution
		HideSolutionNode = FALSE
	EndGlobalSection
	GlobalSection(ExtensibilityGlobals) = postSolution
		SolutionGuid = {84F17BF4-080B-4875-BA0C-611E305F6304}
	EndGlobalSection
EndGlobal
